
Microsoft Visual Studio Solution File, Format Version 12.00
# Visual Studio Version 17
VisualStudioVersion = 17.14.36221.1 d17.14
MinimumVisualStudioVersion = 10.0.40219.1
Project("{FAE04EC0-301F-11D3-BF4B-00C04F79EFBC}") = "GameService", "GameService\GameService.csproj", "{25328906-04F4-4100-833D-978C16B3ABF4}"
EndProject
Global
	GlobalSection(SolutionConfigurationPlatforms) = preSolution
		Debug|Any CPU = Debug|Any CPU
		Release|Any CPU = Release|Any CPU
	EndGlobalSection
	GlobalSection(ProjectConfigurationPlatforms) = postSolution
		{25328906-04F4-4100-833D-978C16B3ABF4}.Debug|Any CPU.ActiveCfg = Debug|Any CPU
		{25328906-04F4-4100-833D-978C16B3ABF4}.Debug|Any CPU.Build.0 = Debug|Any CPU
		{25328906-04F4-4100-833D-978C16B3ABF4}.Release|Any CPU.ActiveCfg = Release|Any CPU
		{25328906-04F4-4100-833D-978C16B3ABF4}.Release|Any CPU.Build.0 = Release|Any CPU
	EndGlobalSection
	GlobalSection(SolutionProperties) = preSolution
		HideSolutionNode = FALSE
	EndGlobalSection
	GlobalSection(ExtensibilityGlobals) = postSolution
		SolutionGuid = {C06EB002-0B72-46C3-BD91-4527C5119660}
	EndGlobalSection
EndGlobal
